
Microsoft Visual Studio Solution File, Format Version 12.00
# Visual Studio Version 17
VisualStudioVersion = 17.8.34330.188
MinimumVisualStudioVersion = 10.0.40219.1
Project("{FAE04EC0-301F-11D3-BF4B-00C04F79EFBC}") = "MyFirstCppIL", "MyFirstCppIL\MyFirstCppIL.csproj", "{6CE47311-74DD-4829-B467-8EF5C68CCAED}"
EndProject
Global
	GlobalSection(SolutionConfigurationPlatforms) = preSolution
		Debug|Any CPU = Debug|Any CPU
		Release|Any CPU = Release|Any CPU
	EndGlobalSection
	GlobalSection(ProjectConfigurationPlatforms) = postSolution
		{6CE47311-74DD-4829-B467-8EF5C68CCAED}.Debug|Any CPU.ActiveCfg = Debug|Any CPU
		{6CE47311-74DD-4829-B467-8EF5C68CCAED}.Debug|Any CPU.Build.0 = Debug|Any CPU
		{6CE47311-74DD-4829-B467-8EF5C68CCAED}.Release|Any CPU.ActiveCfg = Release|Any CPU
		{6CE47311-74DD-4829-B467-8EF5C68CCAED}.Release|Any CPU.Build.0 = Release|Any CPU
	EndGlobalSection
	GlobalSection(SolutionProperties) = preSolution
		HideSolutionNode = FALSE
	EndGlobalSection
	GlobalSection(ExtensibilityGlobals) = postSolution
		SolutionGuid = {875DF4BD-5D86-4714-81EF-341E4BF3C39F}
	EndGlobalSection
EndGlobal
